
Microsoft Visual Studio Solution File, Format Version 12.00
# Visual Studio Version 17
VisualStudioVersion = 17.6.33723.286
MinimumVisualStudioVersion = 10.0.40219.1
Project("{FAE04EC0-301F-11D3-BF4B-00C04F79EFBC}") = "Lists", "Lists.csproj", "{9C01BB15-37C6-4645-89DA-88A4BA57797C}"
EndProject
Global
	GlobalSection(SolutionConfigurationPlatforms) = preSolution
		Debug|Any CPU = Debug|Any CPU
		Release|Any CPU = Release|Any CPU
	EndGlobalSection
	GlobalSection(ProjectConfigurationPlatforms) = postSolution
		{9C01BB15-37C6-4645-89DA-88A4BA57797C}.Debug|Any CPU.ActiveCfg = Debug|Any CPU
		{9C01BB15-37C6-4645-89DA-88A4BA57797C}.Debug|Any CPU.Build.0 = Debug|Any CPU
		{9C01BB15-37C6-4645-89DA-88A4BA57797C}.Release|Any CPU.ActiveCfg = Release|Any CPU
		{9C01BB15-37C6-4645-89DA-88A4BA57797C}.Release|Any CPU.Build.0 = Release|Any CPU
	EndGlobalSection
	GlobalSection(SolutionProperties) = preSolution
		HideSolutionNode = FALSE
	EndGlobalSection
	GlobalSection(ExtensibilityGlobals) = postSolution
		SolutionGuid = {9B465528-A053-4E1D-B2BB-02F87100E5FF}
	EndGlobalSection
EndGlobal
